
Microsoft Visual Studio Solution File, Format Version 12.00
# Visual Studio Version 16
VisualStudioVersion = 16.0.30621.155
MinimumVisualStudioVersion = 10.0.40219.1
Project("{8BC9CEB8-8B4A-11D0-8D11-00A0C91BC942}") = "Project HelloWorld", "Project HelloWorld.vcxproj", "{379E6C4D-7D0B-4DA3-B2C5-19667B10D452}"
EndProject
Global
	GlobalSection(SolutionConfigurationPlatforms) = preSolution
		Debug|x64 = Debug|x64
		Debug|x86 = Debug|x86
		Release|x64 = Release|x64
		Release|x86 = Release|x86
	EndGlobalSection
	GlobalSection(ProjectConfigurationPlatforms) = postSolution
		{379E6C4D-7D0B-4DA3-B2C5-19667B10D452}.Debug|x64.ActiveCfg = Debug|x64
		{379E6C4D-7D0B-4DA3-B2C5-19667B10D452}.Debug|x64.Build.0 = Debug|x64
		{379E6C4D-7D0B-4DA3-B2C5-19667B10D452}.Debug|x86.ActiveCfg = Debug|Win32
		{379E6C4D-7D0B-4DA3-B2C5-19667B10D452}.Debug|x86.Build.0 = Debug|Win32
		{379E6C4D-7D0B-4DA3-B2C5-19667B10D452}.Release|x64.ActiveCfg = Release|x64
		{379E6C4D-7D0B-4DA3-B2C5-19667B10D452}.Release|x64.Build.0 = Release|x64
		{379E6C4D-7D0B-4DA3-B2C5-19667B10D452}.Release|x86.ActiveCfg = Release|Win32
		{379E6C4D-7D0B-4DA3-B2C5-19667B10D452}.Release|x86.Build.0 = Release|Win32
	EndGlobalSection
	GlobalSection(SolutionProperties) = preSolution
		HideSolutionNode = FALSE
	EndGlobalSection
	GlobalSection(ExtensibilityGlobals) = postSolution
		SolutionGuid = {0A5E6AE6-6763-44ED-9304-A386D7DE1419}
	EndGlobalSection
EndGlobal
