
Microsoft Visual Studio Solution File, Format Version 12.00
# Visual Studio Version 16
VisualStudioVersion = 16.0.30621.155
MinimumVisualStudioVersion = 10.0.40219.1
Project("{8BC9CEB8-8B4A-11D0-8D11-00A0C91BC942}") = "Project12_IfThisThenThat", "Project12_IfThisThenThat.vcxproj", "{62BA6424-EE45-4EA1-8CE3-2FE4D997616B}"
EndProject
Global
	GlobalSection(SolutionConfigurationPlatforms) = preSolution
		Debug|x64 = Debug|x64
		Debug|x86 = Debug|x86
		Release|x64 = Release|x64
		Release|x86 = Release|x86
	EndGlobalSection
	GlobalSection(ProjectConfigurationPlatforms) = postSolution
		{62BA6424-EE45-4EA1-8CE3-2FE4D997616B}.Debug|x64.ActiveCfg = Debug|x64
		{62BA6424-EE45-4EA1-8CE3-2FE4D997616B}.Debug|x64.Build.0 = Debug|x64
		{62BA6424-EE45-4EA1-8CE3-2FE4D997616B}.Debug|x86.ActiveCfg = Debug|Win32
		{62BA6424-EE45-4EA1-8CE3-2FE4D997616B}.Debug|x86.Build.0 = Debug|Win32
		{62BA6424-EE45-4EA1-8CE3-2FE4D997616B}.Release|x64.ActiveCfg = Release|x64
		{62BA6424-EE45-4EA1-8CE3-2FE4D997616B}.Release|x64.Build.0 = Release|x64
		{62BA6424-EE45-4EA1-8CE3-2FE4D997616B}.Release|x86.ActiveCfg = Release|Win32
		{62BA6424-EE45-4EA1-8CE3-2FE4D997616B}.Release|x86.Build.0 = Release|Win32
	EndGlobalSection
	GlobalSection(SolutionProperties) = preSolution
		HideSolutionNode = FALSE
	EndGlobalSection
	GlobalSection(ExtensibilityGlobals) = postSolution
		SolutionGuid = {646E4123-BE91-42D4-9A23-8DDC44AE2204}
	EndGlobalSection
EndGlobal
